
Microsoft Visual Studio Solution File, Format Version 12.00
# Visual Studio Version 17
VisualStudioVersion = 17.8.34525.116
MinimumVisualStudioVersion = 10.0.40219.1
Project("{9A19103F-16F7-4668-BE54-9A1E7A4F7556}") = "EmailWebServiceTests", "..\EmailWebServiceTests\EmailWebServiceTests.csproj", "{5E2DB984-1939-4387-9450-BCE3B6A45F86}"
EndProject
Project("{9A19103F-16F7-4668-BE54-9A1E7A4F7556}") = "Domain", "..\Domain\Domain.csproj", "{CE8F325B-30F7-464B-B3B3-CF12FA3B4BD8}"
EndProject
Project("{9A19103F-16F7-4668-BE54-9A1E7A4F7556}") = "EmailWebServiceLibrarys", "..\EmailWebServiceLibrarys\EmailWebServiceLibrarys.csproj", "{269833D8-FFE7-4270-95A1-429721D89924}"
EndProject
Project("{FAE04EC0-301F-11D3-BF4B-00C04F79EFBC}") = "Configuration", "Configuration\Configuration.csproj", "{F069E0BF-7265-4D25-BE12-7951E9FB5B15}"
EndProject
Global
	GlobalSection(SolutionConfigurationPlatforms) = preSolution
		Debug|Any CPU = Debug|Any CPU
		Release|Any CPU = Release|Any CPU
	EndGlobalSection
	GlobalSection(ProjectConfigurationPlatforms) = postSolution
		{5E2DB984-1939-4387-9450-BCE3B6A45F86}.Debug|Any CPU.ActiveCfg = Debug|Any CPU
		{5E2DB984-1939-4387-9450-BCE3B6A45F86}.Debug|Any CPU.Build.0 = Debug|Any CPU
		{5E2DB984-1939-4387-9450-BCE3B6A45F86}.Release|Any CPU.ActiveCfg = Release|Any CPU
		{5E2DB984-1939-4387-9450-BCE3B6A45F86}.Release|Any CPU.Build.0 = Release|Any CPU
		{CE8F325B-30F7-464B-B3B3-CF12FA3B4BD8}.Debug|Any CPU.ActiveCfg = Debug|Any CPU
		{CE8F325B-30F7-464B-B3B3-CF12FA3B4BD8}.Debug|Any CPU.Build.0 = Debug|Any CPU
		{CE8F325B-30F7-464B-B3B3-CF12FA3B4BD8}.Release|Any CPU.ActiveCfg = Release|Any CPU
		{CE8F325B-30F7-464B-B3B3-CF12FA3B4BD8}.Release|Any CPU.Build.0 = Release|Any CPU
		{269833D8-FFE7-4270-95A1-429721D89924}.Debug|Any CPU.ActiveCfg = Debug|Any CPU
		{269833D8-FFE7-4270-95A1-429721D89924}.Debug|Any CPU.Build.0 = Debug|Any CPU
		{269833D8-FFE7-4270-95A1-429721D89924}.Release|Any CPU.ActiveCfg = Release|Any CPU
		{269833D8-FFE7-4270-95A1-429721D89924}.Release|Any CPU.Build.0 = Release|Any CPU
		{F069E0BF-7265-4D25-BE12-7951E9FB5B15}.Debug|Any CPU.ActiveCfg = Debug|Any CPU
		{F069E0BF-7265-4D25-BE12-7951E9FB5B15}.Debug|Any CPU.Build.0 = Debug|Any CPU
		{F069E0BF-7265-4D25-BE12-7951E9FB5B15}.Release|Any CPU.ActiveCfg = Release|Any CPU
		{F069E0BF-7265-4D25-BE12-7951E9FB5B15}.Release|Any CPU.Build.0 = Release|Any CPU
	EndGlobalSection
	GlobalSection(SolutionProperties) = preSolution
		HideSolutionNode = FALSE
	EndGlobalSection
	GlobalSection(ExtensibilityGlobals) = postSolution
		SolutionGuid = {8A79994C-66AE-4392-99CD-2F45A399C5C1}
	EndGlobalSection
EndGlobal
